
Microsoft Visual Studio Solution File, Format Version 12.00
# Visual Studio Version 16
VisualStudioVersion = 16.0.30907.101
MinimumVisualStudioVersion = 10.0.40219.1
Project("{FAE04EC0-301F-11D3-BF4B-00C04F79EFBC}") = "TestDevOps.Android", "TestDevOps\TestDevOps.Android\TestDevOps.Android.csproj", "{2B2BBCC7-19A1-4F69-A205-A5C705BB8878}"
EndProject
Project("{FAE04EC0-301F-11D3-BF4B-00C04F79EFBC}") = "TestDevOps.iOS", "TestDevOps\TestDevOps.iOS\TestDevOps.iOS.csproj", "{C82F21E2-B47E-4980-ADF2-3DD6D5FDC508}"
EndProject
Project("{FAE04EC0-301F-11D3-BF4B-00C04F79EFBC}") = "TestDevOps", "TestDevOps\TestDevOps\TestDevOps.csproj", "{433975BA-919E-4F0A-B7C2-8C19C332C744}"
EndProject
Global
	GlobalSection(SolutionConfigurationPlatforms) = preSolution
		Debug|Any CPU = Debug|Any CPU
		Debug|iPhone = Debug|iPhone
		Debug|iPhoneSimulator = Debug|iPhoneSimulator
		Release|Any CPU = Release|Any CPU
		Release|iPhone = Release|iPhone
		Release|iPhoneSimulator = Release|iPhoneSimulator
	EndGlobalSection
	GlobalSection(ProjectConfigurationPlatforms) = postSolution
		{2B2BBCC7-19A1-4F69-A205-A5C705BB8878}.Debug|Any CPU.ActiveCfg = Debug|Any CPU
		{2B2BBCC7-19A1-4F69-A205-A5C705BB8878}.Debug|Any CPU.Build.0 = Debug|Any CPU
		{2B2BBCC7-19A1-4F69-A205-A5C705BB8878}.Debug|Any CPU.Deploy.0 = Debug|Any CPU
		{2B2BBCC7-19A1-4F69-A205-A5C705BB8878}.Debug|iPhone.ActiveCfg = Debug|Any CPU
		{2B2BBCC7-19A1-4F69-A205-A5C705BB8878}.Debug|iPhone.Build.0 = Debug|Any CPU
		{2B2BBCC7-19A1-4F69-A205-A5C705BB8878}.Debug|iPhone.Deploy.0 = Debug|Any CPU
		{2B2BBCC7-19A1-4F69-A205-A5C705BB8878}.Debug|iPhoneSimulator.ActiveCfg = Debug|Any CPU
		{2B2BBCC7-19A1-4F69-A205-A5C705BB8878}.Debug|iPhoneSimulator.Build.0 = Debug|Any CPU
		{2B2BBCC7-19A1-4F69-A205-A5C705BB8878}.Debug|iPhoneSimulator.Deploy.0 = Debug|Any CPU
		{2B2BBCC7-19A1-4F69-A205-A5C705BB8878}.Release|Any CPU.ActiveCfg = Release|Any CPU
		{2B2BBCC7-19A1-4F69-A205-A5C705BB8878}.Release|Any CPU.Build.0 = Release|Any CPU
		{2B2BBCC7-19A1-4F69-A205-A5C705BB8878}.Release|Any CPU.Deploy.0 = Release|Any CPU
		{2B2BBCC7-19A1-4F69-A205-A5C705BB8878}.Release|iPhone.ActiveCfg = Release|Any CPU
		{2B2BBCC7-19A1-4F69-A205-A5C705BB8878}.Release|iPhone.Build.0 = Release|Any CPU
		{2B2BBCC7-19A1-4F69-A205-A5C705BB8878}.Release|iPhone.Deploy.0 = Release|Any CPU
		{2B2BBCC7-19A1-4F69-A205-A5C705BB8878}.Release|iPhoneSimulator.ActiveCfg = Release|Any CPU
		{2B2BBCC7-19A1-4F69-A205-A5C705BB8878}.Release|iPhoneSimulator.Build.0 = Release|Any CPU
		{2B2BBCC7-19A1-4F69-A205-A5C705BB8878}.Release|iPhoneSimulator.Deploy.0 = Release|Any CPU
		{C82F21E2-B47E-4980-ADF2-3DD6D5FDC508}.Debug|Any CPU.ActiveCfg = Debug|iPhone
		{C82F21E2-B47E-4980-ADF2-3DD6D5FDC508}.Debug|Any CPU.Build.0 = Debug|iPhone
		{C82F21E2-B47E-4980-ADF2-3DD6D5FDC508}.Debug|Any CPU.Deploy.0 = Debug|iPhone
		{C82F21E2-B47E-4980-ADF2-3DD6D5FDC508}.Debug|iPhone.ActiveCfg = Debug|iPhone
		{C82F21E2-B47E-4980-ADF2-3DD6D5FDC508}.Debug|iPhone.Build.0 = Debug|iPhone
		{C82F21E2-B47E-4980-ADF2-3DD6D5FDC508}.Debug|iPhone.Deploy.0 = Debug|iPhone
		{C82F21E2-B47E-4980-ADF2-3DD6D5FDC508}.Debug|iPhoneSimulator.ActiveCfg = Debug|iPhoneSimulator
		{C82F21E2-B47E-4980-ADF2-3DD6D5FDC508}.Debug|iPhoneSimulator.Build.0 = Debug|iPhoneSimulator
		{C82F21E2-B47E-4980-ADF2-3DD6D5FDC508}.Debug|iPhoneSimulator.Deploy.0 = Debug|iPhoneSimulator
		{C82F21E2-B47E-4980-ADF2-3DD6D5FDC508}.Release|Any CPU.ActiveCfg = Release|iPhoneSimulator
		{C82F21E2-B47E-4980-ADF2-3DD6D5FDC508}.Release|Any CPU.Build.0 = Release|iPhoneSimulator
		{C82F21E2-B47E-4980-ADF2-3DD6D5FDC508}.Release|Any CPU.Deploy.0 = Release|iPhoneSimulator
		{C82F21E2-B47E-4980-ADF2-3DD6D5FDC508}.Release|iPhone.ActiveCfg = Release|iPhone
		{C82F21E2-B47E-4980-ADF2-3DD6D5FDC508}.Release|iPhone.Build.0 = Release|iPhone
		{C82F21E2-B47E-4980-ADF2-3DD6D5FDC508}.Release|iPhone.Deploy.0 = Release|iPhone
		{C82F21E2-B47E-4980-ADF2-3DD6D5FDC508}.Release|iPhoneSimulator.ActiveCfg = Release|iPhoneSimulator
		{C82F21E2-B47E-4980-ADF2-3DD6D5FDC508}.Release|iPhoneSimulator.Build.0 = Release|iPhoneSimulator
		{C82F21E2-B47E-4980-ADF2-3DD6D5FDC508}.Release|iPhoneSimulator.Deploy.0 = Release|iPhoneSimulator
		{433975BA-919E-4F0A-B7C2-8C19C332C744}.Debug|Any CPU.ActiveCfg = Debug|Any CPU
		{433975BA-919E-4F0A-B7C2-8C19C332C744}.Debug|Any CPU.Build.0 = Debug|Any CPU
		{433975BA-919E-4F0A-B7C2-8C19C332C744}.Debug|Any CPU.Deploy.0 = Debug|Any CPU
		{433975BA-919E-4F0A-B7C2-8C19C332C744}.Debug|iPhone.ActiveCfg = Debug|Any CPU
		{433975BA-919E-4F0A-B7C2-8C19C332C744}.Debug|iPhone.Build.0 = Debug|Any CPU
		{433975BA-919E-4F0A-B7C2-8C19C332C744}.Debug|iPhone.Deploy.0 = Debug|Any CPU
		{433975BA-919E-4F0A-B7C2-8C19C332C744}.Debug|iPhoneSimulator.ActiveCfg = Debug|Any CPU
		{433975BA-919E-4F0A-B7C2-8C19C332C744}.Debug|iPhoneSimulator.Build.0 = Debug|Any CPU
		{433975BA-919E-4F0A-B7C2-8C19C332C744}.Debug|iPhoneSimulator.Deploy.0 = Debug|Any CPU
		{433975BA-919E-4F0A-B7C2-8C19C332C744}.Release|Any CPU.ActiveCfg = Release|Any CPU
		{433975BA-919E-4F0A-B7C2-8C19C332C744}.Release|Any CPU.Build.0 = Release|Any CPU
		{433975BA-919E-4F0A-B7C2-8C19C332C744}.Release|Any CPU.Deploy.0 = Release|Any CPU
		{433975BA-919E-4F0A-B7C2-8C19C332C744}.Release|iPhone.ActiveCfg = Release|Any CPU
		{433975BA-919E-4F0A-B7C2-8C19C332C744}.Release|iPhone.Build.0 = Release|Any CPU
		{433975BA-919E-4F0A-B7C2-8C19C332C744}.Release|iPhone.Deploy.0 = Release|Any CPU
		{433975BA-919E-4F0A-B7C2-8C19C332C744}.Release|iPhoneSimulator.ActiveCfg = Release|Any CPU
		{433975BA-919E-4F0A-B7C2-8C19C332C744}.Release|iPhoneSimulator.Build.0 = Release|Any CPU
		{433975BA-919E-4F0A-B7C2-8C19C332C744}.Release|iPhoneSimulator.Deploy.0 = Release|Any CPU
	EndGlobalSection
	GlobalSection(SolutionProperties) = preSolution
		HideSolutionNode = FALSE
	EndGlobalSection
	GlobalSection(ExtensibilityGlobals) = postSolution
		SolutionGuid = {D04F6A3B-D4EC-49C5-AAD0-FE04DA995723}
	EndGlobalSection
EndGlobal
